{
  "version": 4,
  "terraform_version": "0.15.3",
  "serial": 60,
  "lineage": "4150faff-2af5-78f6-17e6-924a07d967aa",
  "outputs": {
    "tls_private_key": {
      "value": "-----BEGIN RSA PRIVATE KEY-----\nMIIJKAIBAAKCAgEAr2X9TJ+r8Ote0LbDCrRBYD41ew8nbVBZbZD2Q0Ro1lUh6lcG\nqsDTXOCZjjiL+IPEVchTeb/jGx08K0nvbWuCUWiJjD3axOisCPiWWHnmVxYE7me7\ntNWmTksvmLhl0acOMRsHzVcDdtfkvzErsTT1TVPRVJehNbWAc4jbpTVV2ixiUYV1\nC2884G+Zvj7jd74ZOVWOQyIcVuhbG0uAitwp2+9duFT99mmmXAO/cHJjt6zRtyl6\nctfi58QR8ktvTWFO06bgI2ii4XtJQmngHvSOzE6UOzBR+RHPiQwIkpC/iRx8ehtX\nzcYSPzzAnXu70eX64vHQp0deLdHdSWtXwlyVOoP956WplUk/Bg7tYAxpLTVSuzqq\nLxkxSOuMDVR1lezAv/g7hz//2iOrm7X4mXmueAZvbEBp0HlBlTDkLvRfBYp8YjmU\ntDinzIHHorS6WF3Attra8JxarKTUmZmAYNncvelYmLDXRr6/UjmjOzJ8tVoqXOQx\n4vAmSxJax5+K4PuCWb8XP81hMpufHr5F0hoXJTIwALqt5RVxPYf4Km3VeVyZlI7M\n4ltVd3fmIshFANqX0x77Q5vDhRosuN+t3CdH10HOeQ/dNTiP5vtcVA11M/nubar/\n0Mgj5pt2lMz2rP04xecN1Jq2TIp5d/fCSRtXDF1K6XpaDNIQG6xdd9BxG00CAwEA\nAQKCAgBRMcNaLygnNK4FrDUJxXvmE6YqO0+jGOjtAYgeh5KIdYxnsLWTYgP2ILq0\nzZRuDIFcvIl3+M4nBRePaoB9hKElEmFqHFAjixnoZTsj5fotIjJSMo8AHU8JO2Dj\nL6lirhSxwrOP6NHft/1aTGbPd5Z+n2ht4mtsM4Ms+JPFHLWLc7RnzIHsMyhZNRBU\ns0QVcFi449QhW68GxDU4o3Dz1wtBlsMpy55s7WdnfQyn/ywOIOBMC9V1SF7vryIn\nqafyiDM3Yy6q9YtBGhNFvUFU0x0vksinxayMwiPyazGkt4ES9a7hz7qLtT9JKtR3\nkonVlsLXP925Mh5004u+qwRLIxSo52Lm+YrEmGjp118CK0BE0aqlAxKAVuyNYUwA\nVuRaC+lY9FvgA/EBCUkd+TejvFhoP30T3S1WuqCkqX0RV3/uXtQXEibi6gM1LXXm\nxfckU9aMGc6ZMsVVbQTY1vWN0bwuetYpH/u3XsKN9///UUZPUUfF6rb1BAj/oz1D\nR57C1TXgXHvx2SXpJasVeKznmvQb0kWkrDXkjVx+kIKPYdgDxEXPMppAp15RDHYV\nXxRDhmeHFnsehI0VRDX5WaB0lVOgKAjNePUtGRC76m7OH9KjliL9hG9MW6gma3Gn\neZkOsM9K3xSt44fyKk/aXilK59PRMt5JcrbNJhIk/r7U6W1cQQKCAQEA4GTwkJ5J\n+Rz6rYZcyDJMvB+Rmu5cUzlHe6To1PjQWv38mqG/QZ1ZpNnvrNgvs4/u2BZ2buqr\nu6exreath788EYMjPX+iulSCVr69ExnyyvkN1z5W9Jh3UaVYbljL/zr6xgQekgVv\nrcWecPmks247det2UF+tlUtJLXAYO0KSdNlSdzgE1OIpVz5ZuiFesj1zVPQYUW1I\nAYbVgJk2y7RCWkY+sW7j6XS6/LNGfJx0hLgMsEc48rEZYs2q96888eAk/44fXUZK\neh30PEbeJTqBoTrjHrOiBeugCvIZpBLIj/J3GsZJ+oe/o7wANL7/PsFGy5fQZ9lU\nzqbEPKqdzNDaZQKCAQEAyBpjYAdYC3vCCF8eUT1FwABbyIuUDFHJQaZKBhsIKXO9\nbXUn8DMsAlHSXAKvggEhx4qZfBde3RkX0+pcTtwwbgijZeGv7DUWa0ZKtLtDAIDy\ntf2daD9uMiNXR0jSV1lxzSuAS8WK5gZ4vr1Fi7eS7EUM7wO1pFGin8y95eki3d9F\n8LPA7WS9dhgj6jeE1x6lTgqNjJZKDTTzWlfhn2adS5cQvCinTDOHajYaLASawl1K\nRZLNp5LErax4fB8bgYzYjfOMqq+StsSInfL6JXNsdEoiI0jz2f6boClSvyvRTo87\n5KLV17T9yUYG5DY60LKn3FT5kn4FDBveitIXzAP6yQKCAQA98+BvLSSjQJr9ObF4\nHFsPPXAH5HNdDt1rh7Y4xpFP7fvF/Y4+YWEUoI8Jm45f9wcsZddA/E15u+zUZHHY\nnrXI5/ncytZ0t0xdAsBU+78KxwRJPw7m7QlUY2As5xs7Vl9SOGTwT8vroDoEWwhb\n+b0061N5EVFtfKGxh9dI1TJ2TGH2RGMhG2fqjG5dc0Uf1NN4ywPDx3Yv5bggjyyP\nxS7kmaxJdKI8HFxb1GtLkC6jTeVC7gcNClRF8R6Yz6r15LqSS/zg1b1OReLemXpP\nsP2FNCrsmQ/Mrqc7Hmhx4jW5eGnl3IUkREJmxEsSRQFXpCkVoM6LPXeqrmRTk4+J\nssf5AoIBABPQERDcCUqxyUd864qNr49QOcZEk7cYjf3TEjdCi+9Wx2XEGN0+o9fi\n9BoqJeiQZiDUx1ezFLB9oI9aACPKx3zNnCglTX7szrh2cEUu2XZ+TgnY/7Hnveh2\n+VhUjIcbkxoGeaCHAba+40u3f+BSn9iHCb3Mtzp63shFxHO0PsCLL+iiU7Ltq5i6\n0SuKrbuDDEkK4HMQGmruWD4Uv4FB7sciQQTwXYg8/eZ1TugW2J/wDr+OxpAWByVP\nE2ruxZFxOavsdnwcAEHaedBx03TL1ew5vuGRgpuOCyizjr7g/stxgTOlL9k40XwR\nU/Narz4kwlwdicyIb8WAKOvD25lWt4kCggEBAMOSBeZpwQuvLRV4qmwc6LbCt1Go\nTdOIuIi+IblwWoy+gbYfwDwrd0rjfesumkWniRUtac8kw2Yi1ou5viTX+wlOzQFD\nZYausoUUM/EK3inmFPkfhbALtbkviizyNSCjACVc4CkJqKi5ODJR4lhtwYcvrXzH\nzIIYmYWJE4AipzDGVdLnBrA5WQHnvWCgtsEjBHBVPFTbpGIGEsucFQB5FMETMzze\n4crKjcuxdqQNBDyI9Ne9YgLju37R2+GZkqTHPsXDaXE3pn31f15pVf3NQKmaJOQY\nsieAa40C/YnR2ODg1Udf/VrlMb2oDCXtl/IDoMbmvCj+c/gdL51hMIIZ3N4=\n-----END RSA PRIVATE KEY-----\n",
      "type": "string",
      "sensitive": true
    },
    "vm_id": {
      "value": "/subscriptions/23fcce43-2d2f-4071-9e69-fdb25386438a/resourceGroups/howden_rg/providers/Microsoft.Compute/virtualMachines/howdenlinuxvm",
      "type": "string"
    },
    "vm_ip": {
      "value": "52.255.174.128",
      "type": "string"
    }
  },
  "resources": [
    {
      "mode": "managed",
      "type": "azurerm_linux_virtual_machine",
      "name": "linuxvm",
      "provider": "provider[\"registry.terraform.io/hashicorp/azurerm\"]",
      "instances": [
        {
          "schema_version": 0,
          "attributes": {
            "additional_capabilities": [],
            "admin_password": null,
            "admin_ssh_key": [
              {
                "public_key": "ssh-rsa AAAAB3NzaC1yc2EAAAADAQABAAACAQCvZf1Mn6vw617QtsMKtEFgPjV7DydtUFltkPZDRGjWVSHqVwaqwNNc4JmOOIv4g8RVyFN5v+MbHTwrSe9ta4JRaImMPdrE6KwI+JZYeeZXFgTuZ7u01aZOSy+YuGXRpw4xGwfNVwN21+S/MSuxNPVNU9FUl6E1tYBziNulNVXaLGJRhXULbzzgb5m+PuN3vhk5VY5DIhxW6FsbS4CK3Cnb7124VP32aaZcA79wcmO3rNG3KXpy1+LnxBHyS29NYU7TpuAjaKLhe0lCaeAe9I7MTpQ7MFH5Ec+JDAiSkL+JHHx6G1fNxhI/PMCde7vR5fri8dCnR14t0d1Ja1fCXJU6g/3npamVST8GDu1gDGktNVK7OqovGTFI64wNVHWV7MC/+DuHP//aI6ubtfiZea54Bm9sQGnQeUGVMOQu9F8FinxiOZS0OKfMgceitLpYXcC22trwnFqspNSZmYBg2dy96ViYsNdGvr9SOaM7Mny1Wipc5DHi8CZLElrHn4rg+4JZvxc/zWEym58evkXSGhclMjAAuq3lFXE9h/gqbdV5XJmUjsziW1V3d+YiyEUA2pfTHvtDm8OFGiy4363cJ0fXQc55D901OI/m+1xUDXUz+e5tqv/QyCPmm3aUzPas/TjF5w3UmrZMinl398JJG1cMXUrpeloM0hAbrF130HEbTQ==\n",
                "username": "azureuser"
              }
            ],
            "admin_username": "azureuser",
            "allow_extension_operations": true,
            "availability_set_id": "",
            "boot_diagnostics": [],
            "computer_name": "myvm",
            "custom_data": null,
            "dedicated_host_id": "",
            "disable_password_authentication": true,
            "encryption_at_host_enabled": false,
            "eviction_policy": "",
            "extensions_time_budget": "PT1H30M",
            "id": "/subscriptions/23fcce43-2d2f-4071-9e69-fdb25386438a/resourceGroups/howden_rg/providers/Microsoft.Compute/virtualMachines/howdenlinuxvm",
            "identity": [],
            "license_type": "",
            "location": "eastus",
            "max_bid_price": -1,
            "name": "howdenlinuxvm",
            "network_interface_ids": [
              "/subscriptions/23fcce43-2d2f-4071-9e69-fdb25386438a/resourceGroups/howden_rg/providers/Microsoft.Network/networkInterfaces/howdennic"
            ],
            "os_disk": [
              {
                "caching": "ReadWrite",
                "diff_disk_settings": [],
                "disk_encryption_set_id": "",
                "disk_size_gb": 30,
                "name": "myOsDisk",
                "storage_account_type": "Standard_LRS",
                "write_accelerator_enabled": false
              }
            ],
            "plan": [],
            "platform_fault_domain": -1,
            "priority": "Regular",
            "private_ip_address": "10.0.1.4",
            "private_ip_addresses": [
              "10.0.1.4"
            ],
            "provision_vm_agent": true,
            "proximity_placement_group_id": "",
            "public_ip_address": "52.255.174.128",
            "public_ip_addresses": [
              "52.255.174.128"
            ],
            "resource_group_name": "howden_rg",
            "secret": [],
            "size": "Standard_DS1_v2",
            "source_image_id": "",
            "source_image_reference": [
              {
                "offer": "UbuntuServer",
                "publisher": "Canonical",
                "sku": "18.04-LTS",
                "version": "latest"
              }
            ],
            "tags": null,
            "timeouts": null,
            "virtual_machine_id": "6c21be87-6340-4801-8956-a3281b84461c",
            "virtual_machine_scale_set_id": "",
            "zone": ""
          },
          "sensitive_attributes": [],
          "private": "eyJlMmJmYjczMC1lY2FhLTExZTYtOGY4OC0zNDM2M2JjN2M0YzAiOnsiY3JlYXRlIjoyNzAwMDAwMDAwMDAwLCJkZWxldGUiOjI3MDAwMDAwMDAwMDAsInJlYWQiOjMwMDAwMDAwMDAwMCwidXBkYXRlIjoyNzAwMDAwMDAwMDAwfX0=",
          "dependencies": [
            "azurerm_network_interface.nic",
            "azurerm_public_ip.public_ip",
            "azurerm_resource_group.rg",
            "azurerm_subnet.subnet",
            "azurerm_virtual_network.vnet",
            "tls_private_key.example_ssh"
          ]
        }
      ]
    },
    {
      "mode": "managed",
      "type": "azurerm_network_interface",
      "name": "nic",
      "provider": "provider[\"registry.terraform.io/hashicorp/azurerm\"]",
      "instances": [
        {
          "schema_version": 0,
          "attributes": {
            "applied_dns_servers": [],
            "dns_servers": [],
            "enable_accelerated_networking": false,
            "enable_ip_forwarding": false,
            "id": "/subscriptions/23fcce43-2d2f-4071-9e69-fdb25386438a/resourceGroups/howden_rg/providers/Microsoft.Network/networkInterfaces/howdennic",
            "internal_dns_name_label": "",
            "internal_domain_name_suffix": "tfy0wctdan5uplhhfsv4qmt2ch.bx.internal.cloudapp.net",
            "ip_configuration": [
              {
                "name": "myNicConfiguration",
                "primary": true,
                "private_ip_address": "10.0.1.4",
                "private_ip_address_allocation": "Dynamic",
                "private_ip_address_version": "IPv4",
                "public_ip_address_id": "/subscriptions/23fcce43-2d2f-4071-9e69-fdb25386438a/resourceGroups/howden_rg/providers/Microsoft.Network/publicIPAddresses/howdenpublicip",
                "subnet_id": "/subscriptions/23fcce43-2d2f-4071-9e69-fdb25386438a/resourceGroups/howden_rg/providers/Microsoft.Network/virtualNetworks/howdenvnet/subnets/howdensubnet"
              }
            ],
            "location": "eastus",
            "mac_address": "",
            "name": "howdennic",
            "private_ip_address": "10.0.1.4",
            "private_ip_addresses": [
              "10.0.1.4"
            ],
            "resource_group_name": "howden_rg",
            "tags": {
              "environment": "salman"
            },
            "timeouts": null,
            "virtual_machine_id": ""
          },
          "sensitive_attributes": [],
          "private": "eyJlMmJmYjczMC1lY2FhLTExZTYtOGY4OC0zNDM2M2JjN2M0YzAiOnsiY3JlYXRlIjoxODAwMDAwMDAwMDAwLCJkZWxldGUiOjE4MDAwMDAwMDAwMDAsInJlYWQiOjMwMDAwMDAwMDAwMCwidXBkYXRlIjoxODAwMDAwMDAwMDAwfX0=",
          "dependencies": [
            "azurerm_public_ip.public_ip",
            "azurerm_resource_group.rg",
            "azurerm_subnet.subnet",
            "azurerm_virtual_network.vnet"
          ]
        }
      ]
    },
    {
      "mode": "managed",
      "type": "azurerm_network_interface_security_group_association",
      "name": "association",
      "provider": "provider[\"registry.terraform.io/hashicorp/azurerm\"]",
      "instances": [
        {
          "schema_version": 0,
          "attributes": {
            "id": "/subscriptions/23fcce43-2d2f-4071-9e69-fdb25386438a/resourceGroups/howden_rg/providers/Microsoft.Network/networkInterfaces/howdennic|/subscriptions/23fcce43-2d2f-4071-9e69-fdb25386438a/resourceGroups/howden_rg/providers/Microsoft.Network/networkSecurityGroups/howdennsg",
            "network_interface_id": "/subscriptions/23fcce43-2d2f-4071-9e69-fdb25386438a/resourceGroups/howden_rg/providers/Microsoft.Network/networkInterfaces/howdennic",
            "network_security_group_id": "/subscriptions/23fcce43-2d2f-4071-9e69-fdb25386438a/resourceGroups/howden_rg/providers/Microsoft.Network/networkSecurityGroups/howdennsg",
            "timeouts": null
          },
          "sensitive_attributes": [],
          "private": "eyJlMmJmYjczMC1lY2FhLTExZTYtOGY4OC0zNDM2M2JjN2M0YzAiOnsiY3JlYXRlIjoxODAwMDAwMDAwMDAwLCJkZWxldGUiOjE4MDAwMDAwMDAwMDAsInJlYWQiOjMwMDAwMDAwMDAwMCwidXBkYXRlIjoxODAwMDAwMDAwMDAwfX0=",
          "dependencies": [
            "azurerm_network_interface.nic",
            "azurerm_network_security_group.nsg",
            "azurerm_public_ip.public_ip",
            "azurerm_resource_group.rg",
            "azurerm_subnet.subnet",
            "azurerm_virtual_network.vnet"
          ]
        }
      ]
    },
    {
      "mode": "managed",
      "type": "azurerm_network_security_group",
      "name": "nsg",
      "provider": "provider[\"registry.terraform.io/hashicorp/azurerm\"]",
      "instances": [
        {
          "schema_version": 0,
          "attributes": {
            "id": "/subscriptions/23fcce43-2d2f-4071-9e69-fdb25386438a/resourceGroups/howden_rg/providers/Microsoft.Network/networkSecurityGroups/howdennsg",
            "location": "eastus",
            "name": "howdennsg",
            "resource_group_name": "howden_rg",
            "security_rule": [
              {
                "access": "Allow",
                "description": "",
                "destination_address_prefix": "*",
                "destination_address_prefixes": [],
                "destination_application_security_group_ids": [],
                "destination_port_range": "22",
                "destination_port_ranges": [],
                "direction": "Inbound",
                "name": "SSH",
                "priority": 1001,
                "protocol": "Tcp",
                "source_address_prefix": "*",
                "source_address_prefixes": [],
                "source_application_security_group_ids": [],
                "source_port_range": "*",
                "source_port_ranges": []
              }
            ],
            "tags": {
              "environment": "salman"
            },
            "timeouts": null
          },
          "sensitive_attributes": [],
          "private": "eyJlMmJmYjczMC1lY2FhLTExZTYtOGY4OC0zNDM2M2JjN2M0YzAiOnsiY3JlYXRlIjoxODAwMDAwMDAwMDAwLCJkZWxldGUiOjE4MDAwMDAwMDAwMDAsInJlYWQiOjMwMDAwMDAwMDAwMCwidXBkYXRlIjoxODAwMDAwMDAwMDAwfX0=",
          "dependencies": [
            "azurerm_resource_group.rg"
          ]
        }
      ]
    },
    {
      "mode": "managed",
      "type": "azurerm_public_ip",
      "name": "public_ip",
      "provider": "provider[\"registry.terraform.io/hashicorp/azurerm\"]",
      "instances": [
        {
          "schema_version": 0,
          "attributes": {
            "allocation_method": "Dynamic",
            "domain_name_label": null,
            "fqdn": null,
            "id": "/subscriptions/23fcce43-2d2f-4071-9e69-fdb25386438a/resourceGroups/howden_rg/providers/Microsoft.Network/publicIPAddresses/howdenpublicip",
            "idle_timeout_in_minutes": 4,
            "ip_address": "",
            "ip_tags": null,
            "ip_version": "IPv4",
            "location": "eastus",
            "name": "howdenpublicip",
            "public_ip_prefix_id": null,
            "resource_group_name": "howden_rg",
            "reverse_fqdn": null,
            "sku": "Basic",
            "tags": {
              "environment": "salman"
            },
            "timeouts": null,
            "zones": null
          },
          "sensitive_attributes": [],
          "private": "eyJlMmJmYjczMC1lY2FhLTExZTYtOGY4OC0zNDM2M2JjN2M0YzAiOnsiY3JlYXRlIjoxODAwMDAwMDAwMDAwLCJkZWxldGUiOjE4MDAwMDAwMDAwMDAsInJlYWQiOjMwMDAwMDAwMDAwMCwidXBkYXRlIjoxODAwMDAwMDAwMDAwfX0=",
          "dependencies": [
            "azurerm_resource_group.rg"
          ]
        }
      ]
    },
    {
      "mode": "managed",
      "type": "azurerm_resource_group",
      "name": "rg",
      "provider": "provider[\"registry.terraform.io/hashicorp/azurerm\"]",
      "instances": [
        {
          "schema_version": 0,
          "attributes": {
            "id": "/subscriptions/23fcce43-2d2f-4071-9e69-fdb25386438a/resourceGroups/howden_rg",
            "location": "eastus",
            "name": "howden_rg",
            "tags": {
              "environment": "salman"
            },
            "timeouts": null
          },
          "sensitive_attributes": [],
          "private": "eyJlMmJmYjczMC1lY2FhLTExZTYtOGY4OC0zNDM2M2JjN2M0YzAiOnsiY3JlYXRlIjo1NDAwMDAwMDAwMDAwLCJkZWxldGUiOjU0MDAwMDAwMDAwMDAsInJlYWQiOjMwMDAwMDAwMDAwMCwidXBkYXRlIjo1NDAwMDAwMDAwMDAwfX0="
        }
      ]
    },
    {
      "mode": "managed",
      "type": "azurerm_subnet",
      "name": "subnet",
      "provider": "provider[\"registry.terraform.io/hashicorp/azurerm\"]",
      "instances": [
        {
          "schema_version": 0,
          "attributes": {
            "address_prefix": "10.0.1.0/24",
            "address_prefixes": [
              "10.0.1.0/24"
            ],
            "delegation": [],
            "enforce_private_link_endpoint_network_policies": false,
            "enforce_private_link_service_network_policies": false,
            "id": "/subscriptions/23fcce43-2d2f-4071-9e69-fdb25386438a/resourceGroups/howden_rg/providers/Microsoft.Network/virtualNetworks/howdenvnet/subnets/howdensubnet",
            "name": "howdensubnet",
            "resource_group_name": "howden_rg",
            "service_endpoint_policy_ids": null,
            "service_endpoints": null,
            "timeouts": null,
            "virtual_network_name": "howdenvnet"
          },
          "sensitive_attributes": [],
          "private": "eyJlMmJmYjczMC1lY2FhLTExZTYtOGY4OC0zNDM2M2JjN2M0YzAiOnsiY3JlYXRlIjoxODAwMDAwMDAwMDAwLCJkZWxldGUiOjE4MDAwMDAwMDAwMDAsInJlYWQiOjMwMDAwMDAwMDAwMCwidXBkYXRlIjoxODAwMDAwMDAwMDAwfX0=",
          "dependencies": [
            "azurerm_resource_group.rg",
            "azurerm_virtual_network.vnet"
          ]
        }
      ]
    },
    {
      "mode": "managed",
      "type": "azurerm_virtual_network",
      "name": "vnet",
      "provider": "provider[\"registry.terraform.io/hashicorp/azurerm\"]",
      "instances": [
        {
          "schema_version": 0,
          "attributes": {
            "address_space": [
              "10.0.0.0/16"
            ],
            "bgp_community": "",
            "ddos_protection_plan": [],
            "dns_servers": null,
            "guid": "0aab7199-0363-477f-ace7-2cabe8327c17",
            "id": "/subscriptions/23fcce43-2d2f-4071-9e69-fdb25386438a/resourceGroups/howden_rg/providers/Microsoft.Network/virtualNetworks/howdenvnet",
            "location": "eastus",
            "name": "howdenvnet",
            "resource_group_name": "howden_rg",
            "subnet": [],
            "tags": {
              "environment": "salman"
            },
            "timeouts": null,
            "vm_protection_enabled": false
          },
          "sensitive_attributes": [],
          "private": "eyJlMmJmYjczMC1lY2FhLTExZTYtOGY4OC0zNDM2M2JjN2M0YzAiOnsiY3JlYXRlIjoxODAwMDAwMDAwMDAwLCJkZWxldGUiOjE4MDAwMDAwMDAwMDAsInJlYWQiOjMwMDAwMDAwMDAwMCwidXBkYXRlIjoxODAwMDAwMDAwMDAwfX0=",
          "dependencies": [
            "azurerm_resource_group.rg"
          ]
        }
      ]
    },
    {
      "mode": "managed",
      "type": "tls_private_key",
      "name": "example_ssh",
      "provider": "provider[\"registry.terraform.io/hashicorp/tls\"]",
      "instances": [
        {
          "schema_version": 0,
          "attributes": {
            "algorithm": "RSA",
            "ecdsa_curve": "P224",
            "id": "c26a26e51513bfbf611b7556f7bd3edfc9393076",
            "private_key_pem": "-----BEGIN RSA PRIVATE KEY-----\nMIIJKAIBAAKCAgEAr2X9TJ+r8Ote0LbDCrRBYD41ew8nbVBZbZD2Q0Ro1lUh6lcG\nqsDTXOCZjjiL+IPEVchTeb/jGx08K0nvbWuCUWiJjD3axOisCPiWWHnmVxYE7me7\ntNWmTksvmLhl0acOMRsHzVcDdtfkvzErsTT1TVPRVJehNbWAc4jbpTVV2ixiUYV1\nC2884G+Zvj7jd74ZOVWOQyIcVuhbG0uAitwp2+9duFT99mmmXAO/cHJjt6zRtyl6\nctfi58QR8ktvTWFO06bgI2ii4XtJQmngHvSOzE6UOzBR+RHPiQwIkpC/iRx8ehtX\nzcYSPzzAnXu70eX64vHQp0deLdHdSWtXwlyVOoP956WplUk/Bg7tYAxpLTVSuzqq\nLxkxSOuMDVR1lezAv/g7hz//2iOrm7X4mXmueAZvbEBp0HlBlTDkLvRfBYp8YjmU\ntDinzIHHorS6WF3Attra8JxarKTUmZmAYNncvelYmLDXRr6/UjmjOzJ8tVoqXOQx\n4vAmSxJax5+K4PuCWb8XP81hMpufHr5F0hoXJTIwALqt5RVxPYf4Km3VeVyZlI7M\n4ltVd3fmIshFANqX0x77Q5vDhRosuN+t3CdH10HOeQ/dNTiP5vtcVA11M/nubar/\n0Mgj5pt2lMz2rP04xecN1Jq2TIp5d/fCSRtXDF1K6XpaDNIQG6xdd9BxG00CAwEA\nAQKCAgBRMcNaLygnNK4FrDUJxXvmE6YqO0+jGOjtAYgeh5KIdYxnsLWTYgP2ILq0\nzZRuDIFcvIl3+M4nBRePaoB9hKElEmFqHFAjixnoZTsj5fotIjJSMo8AHU8JO2Dj\nL6lirhSxwrOP6NHft/1aTGbPd5Z+n2ht4mtsM4Ms+JPFHLWLc7RnzIHsMyhZNRBU\ns0QVcFi449QhW68GxDU4o3Dz1wtBlsMpy55s7WdnfQyn/ywOIOBMC9V1SF7vryIn\nqafyiDM3Yy6q9YtBGhNFvUFU0x0vksinxayMwiPyazGkt4ES9a7hz7qLtT9JKtR3\nkonVlsLXP925Mh5004u+qwRLIxSo52Lm+YrEmGjp118CK0BE0aqlAxKAVuyNYUwA\nVuRaC+lY9FvgA/EBCUkd+TejvFhoP30T3S1WuqCkqX0RV3/uXtQXEibi6gM1LXXm\nxfckU9aMGc6ZMsVVbQTY1vWN0bwuetYpH/u3XsKN9///UUZPUUfF6rb1BAj/oz1D\nR57C1TXgXHvx2SXpJasVeKznmvQb0kWkrDXkjVx+kIKPYdgDxEXPMppAp15RDHYV\nXxRDhmeHFnsehI0VRDX5WaB0lVOgKAjNePUtGRC76m7OH9KjliL9hG9MW6gma3Gn\neZkOsM9K3xSt44fyKk/aXilK59PRMt5JcrbNJhIk/r7U6W1cQQKCAQEA4GTwkJ5J\n+Rz6rYZcyDJMvB+Rmu5cUzlHe6To1PjQWv38mqG/QZ1ZpNnvrNgvs4/u2BZ2buqr\nu6exreath788EYMjPX+iulSCVr69ExnyyvkN1z5W9Jh3UaVYbljL/zr6xgQekgVv\nrcWecPmks247det2UF+tlUtJLXAYO0KSdNlSdzgE1OIpVz5ZuiFesj1zVPQYUW1I\nAYbVgJk2y7RCWkY+sW7j6XS6/LNGfJx0hLgMsEc48rEZYs2q96888eAk/44fXUZK\neh30PEbeJTqBoTrjHrOiBeugCvIZpBLIj/J3GsZJ+oe/o7wANL7/PsFGy5fQZ9lU\nzqbEPKqdzNDaZQKCAQEAyBpjYAdYC3vCCF8eUT1FwABbyIuUDFHJQaZKBhsIKXO9\nbXUn8DMsAlHSXAKvggEhx4qZfBde3RkX0+pcTtwwbgijZeGv7DUWa0ZKtLtDAIDy\ntf2daD9uMiNXR0jSV1lxzSuAS8WK5gZ4vr1Fi7eS7EUM7wO1pFGin8y95eki3d9F\n8LPA7WS9dhgj6jeE1x6lTgqNjJZKDTTzWlfhn2adS5cQvCinTDOHajYaLASawl1K\nRZLNp5LErax4fB8bgYzYjfOMqq+StsSInfL6JXNsdEoiI0jz2f6boClSvyvRTo87\n5KLV17T9yUYG5DY60LKn3FT5kn4FDBveitIXzAP6yQKCAQA98+BvLSSjQJr9ObF4\nHFsPPXAH5HNdDt1rh7Y4xpFP7fvF/Y4+YWEUoI8Jm45f9wcsZddA/E15u+zUZHHY\nnrXI5/ncytZ0t0xdAsBU+78KxwRJPw7m7QlUY2As5xs7Vl9SOGTwT8vroDoEWwhb\n+b0061N5EVFtfKGxh9dI1TJ2TGH2RGMhG2fqjG5dc0Uf1NN4ywPDx3Yv5bggjyyP\nxS7kmaxJdKI8HFxb1GtLkC6jTeVC7gcNClRF8R6Yz6r15LqSS/zg1b1OReLemXpP\nsP2FNCrsmQ/Mrqc7Hmhx4jW5eGnl3IUkREJmxEsSRQFXpCkVoM6LPXeqrmRTk4+J\nssf5AoIBABPQERDcCUqxyUd864qNr49QOcZEk7cYjf3TEjdCi+9Wx2XEGN0+o9fi\n9BoqJeiQZiDUx1ezFLB9oI9aACPKx3zNnCglTX7szrh2cEUu2XZ+TgnY/7Hnveh2\n+VhUjIcbkxoGeaCHAba+40u3f+BSn9iHCb3Mtzp63shFxHO0PsCLL+iiU7Ltq5i6\n0SuKrbuDDEkK4HMQGmruWD4Uv4FB7sciQQTwXYg8/eZ1TugW2J/wDr+OxpAWByVP\nE2ruxZFxOavsdnwcAEHaedBx03TL1ew5vuGRgpuOCyizjr7g/stxgTOlL9k40XwR\nU/Narz4kwlwdicyIb8WAKOvD25lWt4kCggEBAMOSBeZpwQuvLRV4qmwc6LbCt1Go\nTdOIuIi+IblwWoy+gbYfwDwrd0rjfesumkWniRUtac8kw2Yi1ou5viTX+wlOzQFD\nZYausoUUM/EK3inmFPkfhbALtbkviizyNSCjACVc4CkJqKi5ODJR4lhtwYcvrXzH\nzIIYmYWJE4AipzDGVdLnBrA5WQHnvWCgtsEjBHBVPFTbpGIGEsucFQB5FMETMzze\n4crKjcuxdqQNBDyI9Ne9YgLju37R2+GZkqTHPsXDaXE3pn31f15pVf3NQKmaJOQY\nsieAa40C/YnR2ODg1Udf/VrlMb2oDCXtl/IDoMbmvCj+c/gdL51hMIIZ3N4=\n-----END RSA PRIVATE KEY-----\n",
            "public_key_fingerprint_md5": "f0:c9:5b:f4:30:96:da:92:e7:a8:ff:b8:f5:32:56:02",
            "public_key_openssh": "ssh-rsa AAAAB3NzaC1yc2EAAAADAQABAAACAQCvZf1Mn6vw617QtsMKtEFgPjV7DydtUFltkPZDRGjWVSHqVwaqwNNc4JmOOIv4g8RVyFN5v+MbHTwrSe9ta4JRaImMPdrE6KwI+JZYeeZXFgTuZ7u01aZOSy+YuGXRpw4xGwfNVwN21+S/MSuxNPVNU9FUl6E1tYBziNulNVXaLGJRhXULbzzgb5m+PuN3vhk5VY5DIhxW6FsbS4CK3Cnb7124VP32aaZcA79wcmO3rNG3KXpy1+LnxBHyS29NYU7TpuAjaKLhe0lCaeAe9I7MTpQ7MFH5Ec+JDAiSkL+JHHx6G1fNxhI/PMCde7vR5fri8dCnR14t0d1Ja1fCXJU6g/3npamVST8GDu1gDGktNVK7OqovGTFI64wNVHWV7MC/+DuHP//aI6ubtfiZea54Bm9sQGnQeUGVMOQu9F8FinxiOZS0OKfMgceitLpYXcC22trwnFqspNSZmYBg2dy96ViYsNdGvr9SOaM7Mny1Wipc5DHi8CZLElrHn4rg+4JZvxc/zWEym58evkXSGhclMjAAuq3lFXE9h/gqbdV5XJmUjsziW1V3d+YiyEUA2pfTHvtDm8OFGiy4363cJ0fXQc55D901OI/m+1xUDXUz+e5tqv/QyCPmm3aUzPas/TjF5w3UmrZMinl398JJG1cMXUrpeloM0hAbrF130HEbTQ==\n",
            "public_key_pem": "-----BEGIN PUBLIC KEY-----\nMIICIjANBgkqhkiG9w0BAQEFAAOCAg8AMIICCgKCAgEAr2X9TJ+r8Ote0LbDCrRB\nYD41ew8nbVBZbZD2Q0Ro1lUh6lcGqsDTXOCZjjiL+IPEVchTeb/jGx08K0nvbWuC\nUWiJjD3axOisCPiWWHnmVxYE7me7tNWmTksvmLhl0acOMRsHzVcDdtfkvzErsTT1\nTVPRVJehNbWAc4jbpTVV2ixiUYV1C2884G+Zvj7jd74ZOVWOQyIcVuhbG0uAitwp\n2+9duFT99mmmXAO/cHJjt6zRtyl6ctfi58QR8ktvTWFO06bgI2ii4XtJQmngHvSO\nzE6UOzBR+RHPiQwIkpC/iRx8ehtXzcYSPzzAnXu70eX64vHQp0deLdHdSWtXwlyV\nOoP956WplUk/Bg7tYAxpLTVSuzqqLxkxSOuMDVR1lezAv/g7hz//2iOrm7X4mXmu\neAZvbEBp0HlBlTDkLvRfBYp8YjmUtDinzIHHorS6WF3Attra8JxarKTUmZmAYNnc\nvelYmLDXRr6/UjmjOzJ8tVoqXOQx4vAmSxJax5+K4PuCWb8XP81hMpufHr5F0hoX\nJTIwALqt5RVxPYf4Km3VeVyZlI7M4ltVd3fmIshFANqX0x77Q5vDhRosuN+t3CdH\n10HOeQ/dNTiP5vtcVA11M/nubar/0Mgj5pt2lMz2rP04xecN1Jq2TIp5d/fCSRtX\nDF1K6XpaDNIQG6xdd9BxG00CAwEAAQ==\n-----END PUBLIC KEY-----\n",
            "rsa_bits": 4096
          },
          "sensitive_attributes": [],
          "private": "bnVsbA=="
        }
      ]
    }
  ]
}
